# This file is automatically @generated by Cargo.
# It is not intended for manual editing.
version = 4

[[package]]
name = "tako"
version = "0.1.0"
dependencies = [
 "tako-app",
]

[[package]]
name = "tako-app"
version = "0.1.0"

[[package]]
name = "tako-bonsplit"
version = "0.1.0"

[[package]]
name = "tako-cli"
version = "0.1.0"

[[package]]
name = "tako-config"
version = "0.1.0"

[[package]]
name = "tako-dbus"
version = "0.1.0"

[[package]]
name = "tako-git"
version = "0.1.0"

[[package]]
name = "tako-hooks"
version = "0.1.0"

[[package]]
name = "tako-model"
version = "0.1.0"

[[package]]
name = "tako-net"
version = "0.1.0"

[[package]]
name = "tako-notify"
version = "0.1.0"

[[package]]
name = "tako-render"
version = "0.1.0"

[[package]]
name = "tako-session"
version = "0.1.0"

[[package]]
name = "tako-term"
version = "0.1.0"
